// !$*UTF8*$!
{
	archiveVersion = 1;
	classes = {
	};
	objectVersion = 56;
	objects = {

/* Begin PBXBuildFile section */
		90842362290B8F9B00E801B3 /* Makefile in Sources */ = {isa = PBXBuildFile; fileRef = 90842361290B8F9A00E801B3 /* Makefile */; };
		90842365290C996400E801B3 /* time_control.cpp in Sources */ = {isa = PBXBuildFile; fileRef = 90842363290C996400E801B3 /* time_control.cpp */; };
		9084236C290CA34800E801B3 /* util.cpp in Sources */ = {isa = PBXBuildFile; fileRef = 9084236B290CA34800E801B3 /* util.cpp */; };
		90842371290CA58400E801B3 /* board.cpp in Sources */ = {isa = PBXBuildFile; fileRef = 90842370290CA58400E801B3 /* board.cpp */; };
		90842373290CA95500E801B3 /* bitboard.cpp in Sources */ = {isa = PBXBuildFile; fileRef = 90842372290CA95500E801B3 /* bitboard.cpp */; };
		90842375290CAA4600E801B3 /* move.cpp in Sources */ = {isa = PBXBuildFile; fileRef = 90842374290CAA4600E801B3 /* move.cpp */; };
		90842377290CAB9A00E801B3 /* search.cpp in Sources */ = {isa = PBXBuildFile; fileRef = 90842376290CAB9A00E801B3 /* search.cpp */; };
		90842379290CB28E00E801B3 /* uci.cpp in Sources */ = {isa = PBXBuildFile; fileRef = 90842378290CB28E00E801B3 /* uci.cpp */; };
		9084237C290CD83800E801B3 /* solver.cpp in Sources */ = {isa = PBXBuildFile; fileRef = 9084237A290CD83800E801B3 /* solver.cpp */; };
		90842383290CEEB800E801B3 /* misc.cpp in Sources */ = {isa = PBXBuildFile; fileRef = 9084237F290CEEB800E801B3 /* misc.cpp */; };
		90842384290CEEB900E801B3 /* nnue.cpp in Sources */ = {isa = PBXBuildFile; fileRef = 90842381290CEEB800E801B3 /* nnue.cpp */; };
		90842387290CEEE400E801B3 /* nnue_eval.cpp in Sources */ = {isa = PBXBuildFile; fileRef = 90842385290CEEE400E801B3 /* nnue_eval.cpp */; };
		90AB92AA29022016007557D1 /* zorbist.cpp in Sources */ = {isa = PBXBuildFile; fileRef = 90AB92A829022016007557D1 /* zorbist.cpp */; };
		90AB92C52908DC05007557D1 /* tt.cpp in Sources */ = {isa = PBXBuildFile; fileRef = 90AB92C32908DC05007557D1 /* tt.cpp */; };
		90AB92CA290919BB007557D1 /* evaluation.cpp in Sources */ = {isa = PBXBuildFile; fileRef = 90AB92C9290919BB007557D1 /* evaluation.cpp */; };
		90CBA1E028E615D7004FF338 /* main.cpp in Sources */ = {isa = PBXBuildFile; fileRef = 90CBA1DF28E615D7004FF338 /* main.cpp */; };
		90CBA1EE28E637FC004FF338 /* attacktables.cpp in Sources */ = {isa = PBXBuildFile; fileRef = 90CBA1EC28E637FC004FF338 /* attacktables.cpp */; };
		90CBA1F428E66912004FF338 /* magic.cpp in Sources */ = {isa = PBXBuildFile; fileRef = 90CBA1F228E66912004FF338 /* magic.cpp */; };
/* End PBXBuildFile section */

/* Begin PBXCopyFilesBuildPhase section */
		90CBA1DA28E615D7004FF338 /* CopyFiles */ = {
			isa = PBXCopyFilesBuildPhase;
			buildActionMask = 2147483647;
			dstPath = /usr/share/man/man1/;
			dstSubfolderSpec = 0;
			files = (
			);
			runOnlyForDeploymentPostprocessing = 1;
		};
/* End PBXCopyFilesBuildPhase section */

/* Begin PBXFileReference section */
		903CD4A828EF86CD0049195A /* move.hpp */ = {isa = PBXFileReference; lastKnownFileType = sourcecode.cpp.h; path = move.hpp; sourceTree = "<group>"; };
		903CD4CD28FBC9F00049195A /* bitboard.hpp */ = {isa = PBXFileReference; lastKnownFileType = sourcecode.cpp.h; path = bitboard.hpp; sourceTree = "<group>"; };
		903CD4D028FBCAD50049195A /* pieces.hpp */ = {isa = PBXFileReference; lastKnownFileType = sourcecode.cpp.h; path = pieces.hpp; sourceTree = "<group>"; };
		903CD4D228FBD2160049195A /* boardinfo.hpp */ = {isa = PBXFileReference; lastKnownFileType = sourcecode.cpp.h; path = boardinfo.hpp; sourceTree = "<group>"; };
		903CD4D428FBE1670049195A /* uci.hpp */ = {isa = PBXFileReference; lastKnownFileType = sourcecode.cpp.h; path = uci.hpp; sourceTree = "<group>"; };
		903CD4D728FE4BF80049195A /* evaluation.hpp */ = {isa = PBXFileReference; lastKnownFileType = sourcecode.cpp.h; path = evaluation.hpp; sourceTree = "<group>"; };
		903CD4DA28FE7FBE0049195A /* search.hpp */ = {isa = PBXFileReference; lastKnownFileType = sourcecode.cpp.h; path = search.hpp; sourceTree = "<group>"; };
		90842360290B55CC00E801B3 /* README.md */ = {isa = PBXFileReference; lastKnownFileType = net.daringfireball.markdown; path = README.md; sourceTree = "<group>"; };
		90842361290B8F9A00E801B3 /* Makefile */ = {isa = PBXFileReference; lastKnownFileType = sourcecode.make; path = Makefile; sourceTree = "<group>"; };
		90842363290C996400E801B3 /* time_control.cpp */ = {isa = PBXFileReference; lastKnownFileType = sourcecode.cpp.cpp; path = time_control.cpp; sourceTree = "<group>"; };
		90842364290C996400E801B3 /* time_control.hpp */ = {isa = PBXFileReference; lastKnownFileType = sourcecode.cpp.h; path = time_control.hpp; sourceTree = "<group>"; };
		90842367290C9A5F00E801B3 /* definitions.hpp */ = {isa = PBXFileReference; lastKnownFileType = sourcecode.cpp.h; path = definitions.hpp; sourceTree = "<group>"; };
		9084236B290CA34800E801B3 /* util.cpp */ = {isa = PBXFileReference; lastKnownFileType = sourcecode.cpp.cpp; path = util.cpp; sourceTree = "<group>"; };
		9084236E290CA45000E801B3 /* types.hpp */ = {isa = PBXFileReference; lastKnownFileType = sourcecode.cpp.h; path = types.hpp; sourceTree = "<group>"; };
		90842370290CA58400E801B3 /* board.cpp */ = {isa = PBXFileReference; lastKnownFileType = sourcecode.cpp.cpp; path = board.cpp; sourceTree = "<group>"; };
		90842372290CA95500E801B3 /* bitboard.cpp */ = {isa = PBXFileReference; lastKnownFileType = sourcecode.cpp.cpp; path = bitboard.cpp; sourceTree = "<group>"; };
		90842374290CAA4600E801B3 /* move.cpp */ = {isa = PBXFileReference; lastKnownFileType = sourcecode.cpp.cpp; path = move.cpp; sourceTree = "<group>"; };
		90842376290CAB9A00E801B3 /* search.cpp */ = {isa = PBXFileReference; lastKnownFileType = sourcecode.cpp.cpp; path = search.cpp; sourceTree = "<group>"; };
		90842378290CB28E00E801B3 /* uci.cpp */ = {isa = PBXFileReference; lastKnownFileType = sourcecode.cpp.cpp; path = uci.cpp; sourceTree = "<group>"; };
		9084237A290CD83800E801B3 /* solver.cpp */ = {isa = PBXFileReference; lastKnownFileType = sourcecode.cpp.cpp; path = solver.cpp; sourceTree = "<group>"; };
		9084237B290CD83800E801B3 /* solver.hpp */ = {isa = PBXFileReference; lastKnownFileType = sourcecode.cpp.h; path = solver.hpp; sourceTree = "<group>"; };
		9084237E290CEEB800E801B3 /* LICENSE */ = {isa = PBXFileReference; fileEncoding = 4; lastKnownFileType = text; path = LICENSE; sourceTree = "<group>"; };
		9084237F290CEEB800E801B3 /* misc.cpp */ = {isa = PBXFileReference; fileEncoding = 4; lastKnownFileType = sourcecode.cpp.cpp; path = misc.cpp; sourceTree = "<group>"; };
		90842380290CEEB800E801B3 /* misc.h */ = {isa = PBXFileReference; fileEncoding = 4; lastKnownFileType = sourcecode.c.h; path = misc.h; sourceTree = "<group>"; };
		90842381290CEEB800E801B3 /* nnue.cpp */ = {isa = PBXFileReference; fileEncoding = 4; lastKnownFileType = sourcecode.cpp.cpp; path = nnue.cpp; sourceTree = "<group>"; };
		90842382290CEEB800E801B3 /* nnue.h */ = {isa = PBXFileReference; fileEncoding = 4; lastKnownFileType = sourcecode.c.h; path = nnue.h; sourceTree = "<group>"; };
		90842385290CEEE400E801B3 /* nnue_eval.cpp */ = {isa = PBXFileReference; lastKnownFileType = sourcecode.cpp.cpp; path = nnue_eval.cpp; sourceTree = "<group>"; };
		90842386290CEEE400E801B3 /* nnue_eval.hpp */ = {isa = PBXFileReference; lastKnownFileType = sourcecode.cpp.h; path = nnue_eval.hpp; sourceTree = "<group>"; };
		90AB92A729008883007557D1 /* TODO.md */ = {isa = PBXFileReference; lastKnownFileType = net.daringfireball.markdown; path = TODO.md; sourceTree = "<group>"; };
		90AB92A829022016007557D1 /* zorbist.cpp */ = {isa = PBXFileReference; lastKnownFileType = sourcecode.cpp.cpp; path = zorbist.cpp; sourceTree = "<group>"; };
		90AB92A929022016007557D1 /* zorbist.hpp */ = {isa = PBXFileReference; lastKnownFileType = sourcecode.cpp.h; path = zorbist.hpp; sourceTree = "<group>"; };
		90AB92BE2908DA06007557D1 /* parallel_hashmap */ = {isa = PBXFileReference; lastKnownFileType = folder; path = parallel_hashmap; sourceTree = "<group>"; };
		90AB92C32908DC05007557D1 /* tt.cpp */ = {isa = PBXFileReference; lastKnownFileType = sourcecode.cpp.cpp; path = tt.cpp; sourceTree = "<group>"; };
		90AB92C42908DC05007557D1 /* tt.hpp */ = {isa = PBXFileReference; lastKnownFileType = sourcecode.cpp.h; path = tt.hpp; sourceTree = "<group>"; };
		90AB92C9290919BB007557D1 /* evaluation.cpp */ = {isa = PBXFileReference; lastKnownFileType = sourcecode.cpp.cpp; path = evaluation.cpp; sourceTree = "<group>"; };
		90CBA1DC28E615D7004FF338 /* bbcchess */ = {isa = PBXFileReference; explicitFileType = "compiled.mach-o.executable"; includeInIndex = 0; path = bbcchess; sourceTree = BUILT_PRODUCTS_DIR; };
		90CBA1DF28E615D7004FF338 /* main.cpp */ = {isa = PBXFileReference; lastKnownFileType = sourcecode.cpp.cpp; path = main.cpp; sourceTree = "<group>"; };
		90CBA1EA28E61833004FF338 /* board.hpp */ = {isa = PBXFileReference; lastKnownFileType = sourcecode.cpp.h; path = board.hpp; sourceTree = "<group>"; };
		90CBA1EC28E637FC004FF338 /* attacktables.cpp */ = {isa = PBXFileReference; lastKnownFileType = sourcecode.cpp.cpp; path = attacktables.cpp; sourceTree = "<group>"; };
		90CBA1ED28E637FC004FF338 /* attacktables.hpp */ = {isa = PBXFileReference; lastKnownFileType = sourcecode.cpp.h; path = attacktables.hpp; sourceTree = "<group>"; };
		90CBA1F028E640E6004FF338 /* util.hpp */ = {isa = PBXFileReference; lastKnownFileType = sourcecode.cpp.h; path = util.hpp; sourceTree = "<group>"; };
		90CBA1F228E66912004FF338 /* magic.cpp */ = {isa = PBXFileReference; lastKnownFileType = sourcecode.cpp.cpp; path = magic.cpp; sourceTree = "<group>"; };
		90CBA1F328E66912004FF338 /* magic.hpp */ = {isa = PBXFileReference; lastKnownFileType = sourcecode.cpp.h; path = magic.hpp; sourceTree = "<group>"; };
/* End PBXFileReference section */

/* Begin PBXFrameworksBuildPhase section */
		90CBA1D928E615D7004FF338 /* Frameworks */ = {
			isa = PBXFrameworksBuildPhase;
			buildActionMask = 2147483647;
			files = (
			);
			runOnlyForDeploymentPostprocessing = 0;
		};
/* End PBXFrameworksBuildPhase section */

/* Begin PBXGroup section */
		9084237D290CEEB800E801B3 /* nnue */ = {
			isa = PBXGroup;
			children = (
				9084237E290CEEB800E801B3 /* LICENSE */,
				9084237F290CEEB800E801B3 /* misc.cpp */,
				90842380290CEEB800E801B3 /* misc.h */,
				90842381290CEEB800E801B3 /* nnue.cpp */,
				90842382290CEEB800E801B3 /* nnue.h */,
			);
			path = nnue;
			sourceTree = "<group>";
		};
		90CBA1D328E615D7004FF338 = {
			isa = PBXGroup;
			children = (
				90842360290B55CC00E801B3 /* README.md */,
				90AB92A729008883007557D1 /* TODO.md */,
				90CBA1DE28E615D7004FF338 /* bbcchess */,
				90CBA1DD28E615D7004FF338 /* Products */,
			);
			sourceTree = "<group>";
		};
		90CBA1DD28E615D7004FF338 /* Products */ = {
			isa = PBXGroup;
			children = (
				90CBA1DC28E615D7004FF338 /* bbcchess */,
			);
			name = Products;
			sourceTree = "<group>";
		};
		90CBA1DE28E615D7004FF338 /* bbcchess */ = {
			isa = PBXGroup;
			children = (
				90CBA1EC28E637FC004FF338 /* attacktables.cpp */,
				90CBA1ED28E637FC004FF338 /* attacktables.hpp */,
				90842372290CA95500E801B3 /* bitboard.cpp */,
				903CD4CD28FBC9F00049195A /* bitboard.hpp */,
				90842370290CA58400E801B3 /* board.cpp */,
				90CBA1EA28E61833004FF338 /* board.hpp */,
				9084237D290CEEB800E801B3 /* nnue */,
				903CD4D228FBD2160049195A /* boardinfo.hpp */,
				90842367290C9A5F00E801B3 /* definitions.hpp */,
				90AB92C9290919BB007557D1 /* evaluation.cpp */,
				903CD4D728FE4BF80049195A /* evaluation.hpp */,
				90CBA1F228E66912004FF338 /* magic.cpp */,
				90CBA1F328E66912004FF338 /* magic.hpp */,
				90CBA1DF28E615D7004FF338 /* main.cpp */,
				90842361290B8F9A00E801B3 /* Makefile */,
				90842374290CAA4600E801B3 /* move.cpp */,
				903CD4A828EF86CD0049195A /* move.hpp */,
				90AB92BE2908DA06007557D1 /* parallel_hashmap */,
				903CD4D028FBCAD50049195A /* pieces.hpp */,
				90842376290CAB9A00E801B3 /* search.cpp */,
				903CD4DA28FE7FBE0049195A /* search.hpp */,
				90842363290C996400E801B3 /* time_control.cpp */,
				90842364290C996400E801B3 /* time_control.hpp */,
				90AB92C32908DC05007557D1 /* tt.cpp */,
				90AB92C42908DC05007557D1 /* tt.hpp */,
				9084236E290CA45000E801B3 /* types.hpp */,
				90842378290CB28E00E801B3 /* uci.cpp */,
				903CD4D428FBE1670049195A /* uci.hpp */,
				9084236B290CA34800E801B3 /* util.cpp */,
				90CBA1F028E640E6004FF338 /* util.hpp */,
				90AB92A829022016007557D1 /* zorbist.cpp */,
				90AB92A929022016007557D1 /* zorbist.hpp */,
				9084237A290CD83800E801B3 /* solver.cpp */,
				9084237B290CD83800E801B3 /* solver.hpp */,
				90842385290CEEE400E801B3 /* nnue_eval.cpp */,
				90842386290CEEE400E801B3 /* nnue_eval.hpp */,
			);
			path = bbcchess;
			sourceTree = "<group>";
		};
/* End PBXGroup section */

/* Begin PBXNativeTarget section */
		90CBA1DB28E615D7004FF338 /* bbcchess */ = {
			isa = PBXNativeTarget;
			buildConfigurationList = 90CBA1E328E615D7004FF338 /* Build configuration list for PBXNativeTarget "bbcchess" */;
			buildPhases = (
				90CBA1D828E615D7004FF338 /* Sources */,
				90CBA1D928E615D7004FF338 /* Frameworks */,
				90CBA1DA28E615D7004FF338 /* CopyFiles */,
			);
			buildRules = (
			);
			dependencies = (
			);
			name = bbcchess;
			productName = bbcchess;
			productReference = 90CBA1DC28E615D7004FF338 /* bbcchess */;
			productType = "com.apple.product-type.tool";
		};
/* End PBXNativeTarget section */

/* Begin PBXProject section */
		90CBA1D428E615D7004FF338 /* Project object */ = {
			isa = PBXProject;
			attributes = {
				BuildIndependentTargetsInParallel = 1;
				LastUpgradeCheck = 1400;
				TargetAttributes = {
					90CBA1DB28E615D7004FF338 = {
						CreatedOnToolsVersion = 14.0.1;
					};
				};
			};
			buildConfigurationList = 90CBA1D728E615D7004FF338 /* Build configuration list for PBXProject "bbcchess" */;
			compatibilityVersion = "Xcode 14.0";
			developmentRegion = en;
			hasScannedForEncodings = 0;
			knownRegions = (
				en,
				Base,
			);
			mainGroup = 90CBA1D328E615D7004FF338;
			productRefGroup = 90CBA1DD28E615D7004FF338 /* Products */;
			projectDirPath = "";
			projectRoot = "";
			targets = (
				90CBA1DB28E615D7004FF338 /* bbcchess */,
			);
		};
/* End PBXProject section */

/* Begin PBXSourcesBuildPhase section */
		90CBA1D828E615D7004FF338 /* Sources */ = {
			isa = PBXSourcesBuildPhase;
			buildActionMask = 2147483647;
			files = (
				90842362290B8F9B00E801B3 /* Makefile in Sources */,
				90AB92C52908DC05007557D1 /* tt.cpp in Sources */,
				90CBA1E028E615D7004FF338 /* main.cpp in Sources */,
				90842365290C996400E801B3 /* time_control.cpp in Sources */,
				9084236C290CA34800E801B3 /* util.cpp in Sources */,
				90842383290CEEB800E801B3 /* misc.cpp in Sources */,
				90842371290CA58400E801B3 /* board.cpp in Sources */,
				9084237C290CD83800E801B3 /* solver.cpp in Sources */,
				90AB92CA290919BB007557D1 /* evaluation.cpp in Sources */,
				90842373290CA95500E801B3 /* bitboard.cpp in Sources */,
				90842379290CB28E00E801B3 /* uci.cpp in Sources */,
				90842387290CEEE400E801B3 /* nnue_eval.cpp in Sources */,
				90842384290CEEB900E801B3 /* nnue.cpp in Sources */,
				90842377290CAB9A00E801B3 /* search.cpp in Sources */,
				90CBA1EE28E637FC004FF338 /* attacktables.cpp in Sources */,
				90842375290CAA4600E801B3 /* move.cpp in Sources */,
				90AB92AA29022016007557D1 /* zorbist.cpp in Sources */,
				90CBA1F428E66912004FF338 /* magic.cpp in Sources */,
			);
			runOnlyForDeploymentPostprocessing = 0;
		};
/* End PBXSourcesBuildPhase section */

/* Begin XCBuildConfiguration section */
		90CBA1E128E615D7004FF338 /* Debug */ = {
			isa = XCBuildConfiguration;
			buildSettings = {
				ALWAYS_SEARCH_USER_PATHS = NO;
				CLANG_ANALYZER_NONNULL = YES;
				CLANG_ANALYZER_NUMBER_OBJECT_CONVERSION = YES_AGGRESSIVE;
				CLANG_CXX_LANGUAGE_STANDARD = "c++20";
				CLANG_ENABLE_MODULES = YES;
				CLANG_ENABLE_OBJC_ARC = YES;
				CLANG_ENABLE_OBJC_WEAK = YES;
				CLANG_WARN_BLOCK_CAPTURE_AUTORELEASING = YES;
				CLANG_WARN_BOOL_CONVERSION = YES;
				CLANG_WARN_COMMA = YES;
				CLANG_WARN_CONSTANT_CONVERSION = YES;
				CLANG_WARN_DEPRECATED_OBJC_IMPLEMENTATIONS = YES;
				CLANG_WARN_DIRECT_OBJC_ISA_USAGE = YES_ERROR;
				CLANG_WARN_DOCUMENTATION_COMMENTS = YES;
				CLANG_WARN_EMPTY_BODY = YES;
				CLANG_WARN_ENUM_CONVERSION = YES;
				CLANG_WARN_INFINITE_RECURSION = YES;
				CLANG_WARN_INT_CONVERSION = YES;
				CLANG_WARN_NON_LITERAL_NULL_CONVERSION = YES;
				CLANG_WARN_OBJC_IMPLICIT_RETAIN_SELF = YES;
				CLANG_WARN_OBJC_LITERAL_CONVERSION = YES;
				CLANG_WARN_OBJC_ROOT_CLASS = YES_ERROR;
				CLANG_WARN_QUOTED_INCLUDE_IN_FRAMEWORK_HEADER = YES;
				CLANG_WARN_RANGE_LOOP_ANALYSIS = YES;
				CLANG_WARN_STRICT_PROTOTYPES = YES;
				CLANG_WARN_SUSPICIOUS_MOVE = YES;
				CLANG_WARN_UNGUARDED_AVAILABILITY = YES_AGGRESSIVE;
				CLANG_WARN_UNREACHABLE_CODE = YES;
				CLANG_WARN__DUPLICATE_METHOD_MATCH = YES;
				COPY_PHASE_STRIP = NO;
				DEBUG_INFORMATION_FORMAT = dwarf;
				ENABLE_STRICT_OBJC_MSGSEND = YES;
				ENABLE_TESTABILITY = YES;
				GCC_C_LANGUAGE_STANDARD = gnu11;
				GCC_DYNAMIC_NO_PIC = NO;
				GCC_NO_COMMON_BLOCKS = YES;
				GCC_OPTIMIZATION_LEVEL = 0;
				GCC_PREPROCESSOR_DEFINITIONS = (
					"DEBUG=1",
					"$(inherited)",
				);
				GCC_WARN_64_TO_32_BIT_CONVERSION = YES;
				GCC_WARN_ABOUT_RETURN_TYPE = YES_ERROR;
				GCC_WARN_UNDECLARED_SELECTOR = YES;
				GCC_WARN_UNINITIALIZED_AUTOS = YES_AGGRESSIVE;
				GCC_WARN_UNUSED_FUNCTION = YES;
				GCC_WARN_UNUSED_VARIABLE = YES;
				LLVM_LTO = YES_THIN;
				MACOSX_DEPLOYMENT_TARGET = 12.3;
				MTL_ENABLE_DEBUG_INFO = INCLUDE_SOURCE;
				MTL_FAST_MATH = YES;
				ONLY_ACTIVE_ARCH = YES;
				OTHER_CPLUSPLUSFLAGS = "$(OTHER_CFLAGS)";
				SDKROOT = macosx;
			};
			name = Debug;
		};
		90CBA1E228E615D7004FF338 /* Release */ = {
			isa = XCBuildConfiguration;
			buildSettings = {
				ALWAYS_SEARCH_USER_PATHS = NO;
				CLANG_ANALYZER_NONNULL = YES;
				CLANG_ANALYZER_NUMBER_OBJECT_CONVERSION = YES_AGGRESSIVE;
				CLANG_CXX_LANGUAGE_STANDARD = "c++20";
				CLANG_ENABLE_MODULES = YES;
				CLANG_ENABLE_OBJC_ARC = YES;
				CLANG_ENABLE_OBJC_WEAK = YES;
				CLANG_WARN_BLOCK_CAPTURE_AUTORELEASING = YES;
				CLANG_WARN_BOOL_CONVERSION = YES;
				CLANG_WARN_COMMA = YES;
				CLANG_WARN_CONSTANT_CONVERSION = YES;
				CLANG_WARN_DEPRECATED_OBJC_IMPLEMENTATIONS = YES;
				CLANG_WARN_DIRECT_OBJC_ISA_USAGE = YES_ERROR;
				CLANG_WARN_DOCUMENTATION_COMMENTS = YES;
				CLANG_WARN_EMPTY_BODY = YES;
				CLANG_WARN_ENUM_CONVERSION = YES;
				CLANG_WARN_INFINITE_RECURSION = YES;
				CLANG_WARN_INT_CONVERSION = YES;
				CLANG_WARN_NON_LITERAL_NULL_CONVERSION = YES;
				CLANG_WARN_OBJC_IMPLICIT_RETAIN_SELF = YES;
				CLANG_WARN_OBJC_LITERAL_CONVERSION = YES;
				CLANG_WARN_OBJC_ROOT_CLASS = YES_ERROR;
				CLANG_WARN_QUOTED_INCLUDE_IN_FRAMEWORK_HEADER = YES;
				CLANG_WARN_RANGE_LOOP_ANALYSIS = YES;
				CLANG_WARN_STRICT_PROTOTYPES = YES;
				CLANG_WARN_SUSPICIOUS_MOVE = YES;
				CLANG_WARN_UNGUARDED_AVAILABILITY = YES_AGGRESSIVE;
				CLANG_WARN_UNREACHABLE_CODE = YES;
				CLANG_WARN__DUPLICATE_METHOD_MATCH = YES;
				COPY_PHASE_STRIP = NO;
				DEBUG_INFORMATION_FORMAT = "dwarf-with-dsym";
				ENABLE_NS_ASSERTIONS = NO;
				ENABLE_STRICT_OBJC_MSGSEND = YES;
				GCC_C_LANGUAGE_STANDARD = gnu11;
				GCC_NO_COMMON_BLOCKS = YES;
				GCC_OPTIMIZATION_LEVEL = fast;
				GCC_PREPROCESSOR_DEFINITIONS = "";
				GCC_WARN_64_TO_32_BIT_CONVERSION = YES;
				GCC_WARN_ABOUT_RETURN_TYPE = YES_ERROR;
				GCC_WARN_UNDECLARED_SELECTOR = YES;
				GCC_WARN_UNINITIALIZED_AUTOS = YES_AGGRESSIVE;
				GCC_WARN_UNUSED_FUNCTION = YES;
				GCC_WARN_UNUSED_VARIABLE = YES;
				LLVM_LTO = YES_THIN;
				MACOSX_DEPLOYMENT_TARGET = 12.3;
				MTL_ENABLE_DEBUG_INFO = NO;
				MTL_FAST_MATH = YES;
				OTHER_CPLUSPLUSFLAGS = "$(OTHER_CFLAGS)";
				SDKROOT = macosx;
			};
			name = Release;
		};
		90CBA1E428E615D7004FF338 /* Debug */ = {
			isa = XCBuildConfiguration;
			buildSettings = {
				CLANG_CXX_LANGUAGE_STANDARD = "c++20";
				CODE_SIGN_STYLE = Automatic;
				PRODUCT_NAME = "$(TARGET_NAME)";
			};
			name = Debug;
		};
		90CBA1E528E615D7004FF338 /* Release */ = {
			isa = XCBuildConfiguration;
			buildSettings = {
				CLANG_CXX_LANGUAGE_STANDARD = "c++20";
				CODE_SIGN_STYLE = Automatic;
				GCC_OPTIMIZATION_LEVEL = fast;
				PRODUCT_NAME = "$(TARGET_NAME)";
			};
			name = Release;
		};
/* End XCBuildConfiguration section */

/* Begin XCConfigurationList section */
		90CBA1D728E615D7004FF338 /* Build configuration list for PBXProject "bbcchess" */ = {
			isa = XCConfigurationList;
			buildConfigurations = (
				90CBA1E128E615D7004FF338 /* Debug */,
				90CBA1E228E615D7004FF338 /* Release */,
			);
			defaultConfigurationIsVisible = 0;
			defaultConfigurationName = Release;
		};
		90CBA1E328E615D7004FF338 /* Build configuration list for PBXNativeTarget "bbcchess" */ = {
			isa = XCConfigurationList;
			buildConfigurations = (
				90CBA1E428E615D7004FF338 /* Debug */,
				90CBA1E528E615D7004FF338 /* Release */,
			);
			defaultConfigurationIsVisible = 0;
			defaultConfigurationName = Release;
		};
/* End XCConfigurationList section */
	};
	rootObject = 90CBA1D428E615D7004FF338 /* Project object */;
}
